<?xml version="1.0" encoding="UTF-8"?>
<Scheme
   version = "1.3">
   <BuildAction>
      <BuildActionEntries>
         <BuildActionEntry
            buildForRunning = "YES">
            <BuildableReference
               BuildableIdentifier = "primary"
               BlueprintIdentifier = "9F44B703BE12B44C80CB8648"
               BuildableName = "MyComif&apos;Client.app"
               BlueprintName = "MyComif&apos;Client"
               ReferencedContainer = "container:MyComif&apos;Client.xcodeproj">
            </BuildableReference>
         </BuildActionEntry>
      </BuildActionEntries>
   </BuildAction>
   <LaunchAction
      useCustomWorkingDirectory = "NO"
      buildConfiguration = "Debug"
      allowLocationSimulation = "YES">
      <BuildableProductRunnable>
         <BuildableReference
            BuildableIdentifier = "primary"
            BlueprintIdentifier = "9F44B703BE12B44C80CB8648"
            BuildableName = "MyComif&apos;Client.app"
            BlueprintName = "MyComif&apos;Client"
            ReferencedContainer = "container:MyComif&apos;Client.xcodeproj">
         </BuildableReference>
      </BuildableProductRunnable>
   </LaunchAction>
</Scheme>
